
Microsoft Visual Studio Solution File, Format Version 12.00
# Visual Studio Version 16
VisualStudioVersion = 16.0.31019.35
MinimumVisualStudioVersion = 10.0.40219.1
Project("{FAE04EC0-301F-11D3-BF4B-00C04F79EFBC}") = "Main", "Main\Main.csproj", "{C099EF89-B922-4D2D-B08C-573DA41670EE}"
EndProject
Project("{FAE04EC0-301F-11D3-BF4B-00C04F79EFBC}") = "CoreProject", "CoreProject\CoreProject.csproj", "{0F8D0CE9-020C-4E65-8B2F-8B64312B476E}"
EndProject
Global
	GlobalSection(SolutionConfigurationPlatforms) = preSolution
		Debug|Any CPU = Debug|Any CPU
		Release|Any CPU = Release|Any CPU
	EndGlobalSection
	GlobalSection(ProjectConfigurationPlatforms) = postSolution
		{C099EF89-B922-4D2D-B08C-573DA41670EE}.Debug|Any CPU.ActiveCfg = Debug|Any CPU
		{C099EF89-B922-4D2D-B08C-573DA41670EE}.Debug|Any CPU.Build.0 = Debug|Any CPU
		{C099EF89-B922-4D2D-B08C-573DA41670EE}.Release|Any CPU.ActiveCfg = Release|Any CPU
		{C099EF89-B922-4D2D-B08C-573DA41670EE}.Release|Any CPU.Build.0 = Release|Any CPU
		{0F8D0CE9-020C-4E65-8B2F-8B64312B476E}.Debug|Any CPU.ActiveCfg = Debug|Any CPU
		{0F8D0CE9-020C-4E65-8B2F-8B64312B476E}.Debug|Any CPU.Build.0 = Debug|Any CPU
		{0F8D0CE9-020C-4E65-8B2F-8B64312B476E}.Release|Any CPU.ActiveCfg = Release|Any CPU
		{0F8D0CE9-020C-4E65-8B2F-8B64312B476E}.Release|Any CPU.Build.0 = Release|Any CPU
	EndGlobalSection
	GlobalSection(SolutionProperties) = preSolution
		HideSolutionNode = FALSE
	EndGlobalSection
	GlobalSection(ExtensibilityGlobals) = postSolution
		SolutionGuid = {1206614F-20E8-4D91-A61C-1E8521D4A22B}
	EndGlobalSection
EndGlobal
